lockfileVersion: 5.4

importers:

  .:
    specifiers:
      esbuild: ^0.17.8
      execa: ^7.0.0
      minimist: ^1.2.8
      typescript: ^4.9.5
      vue: ^3.2.47
    dependencies:
      execa: registry.npmmirror.com/execa/7.0.0
      vue: registry.npmmirror.com/vue/3.2.47
    devDependencies:
      esbuild: registry.npmmirror.com/esbuild/0.17.8
      minimist: registry.npmmirror.com/minimist/1.2.8
      typescript: registry.npmmirror.com/typescript/4.9.5

  packages/reactivity:
    specifiers:
      '@vue/shared': workspace:^1.0.0
    dependencies:
      '@vue/shared': link:../shared

packages:

  registry.npmmirror.com/@babel/helper-string-parser/7.19.4:
    resolution: {integrity: sha512-nHtDoQcuqFmwYNYPz3Rah5ph2p8PFeFCsZk9A/48dPc/rGocJ5J3hAAZ7pb76VWX3fZKu+uEr/FhH5jLx7umrw==, registry: https://registry.npm.taobao.org/, tarball: https://registry.npmmirror.com/@babel/helper-string-parser/-/helper-string-parser-7.19.4.tgz}
    name: '@babel/helper-string-parser'
    version: 7.19.4
    engines: {node: '>=6.9.0'}
    dev: false

  registry.npmmirror.com/@babel/helper-validator-identifier/7.19.1:
    resolution: {integrity: sha512-awrNfaMtnHUr653GgGEs++LlAvW6w+DcPrOliSMXWCKo597CwL5Acf/wWdNkf/tfEQE3mjkeD1YOVZOUV/od1w==, registry: https://registry.npm.taobao.org/, tarball: https://registry.npmmirror.com/@babel/helper-validator-identifier/-/helper-validator-identifier-7.19.1.tgz}
    name: '@babel/helper-validator-identifier'
    version: 7.19.1
    engines: {node: '>=6.9.0'}
    dev: false

  registry.npmmirror.com/@babel/parser/7.20.15:
    resolution: {integrity: sha512-DI4a1oZuf8wC+oAJA9RW6ga3Zbe8RZFt7kD9i4qAspz3I/yHet1VvC3DiSy/fsUvv5pvJuNPh0LPOdCcqinDPg==, registry: https://registry.npm.taobao.org/, tarball: https://registry.npmmirror.com/@babel/parser/-/parser-7.20.15.tgz}
    name: '@babel/parser'
    version: 7.20.15
    engines: {node: '>=6.0.0'}
    hasBin: true
    dependencies:
      '@babel/types': registry.npmmirror.com/@babel/types/7.20.7
    dev: false

  registry.npmmirror.com/@babel/types/7.20.7:
    resolution: {integrity: sha512-69OnhBxSSgK0OzTJai4kyPDiKTIe3j+ctaHdIGVbRahTLAT7L3R9oeXHC2aVSuGYt3cVnoAMDmOCgJ2yaiLMvg==, registry: https://registry.npm.taobao.org/, tarball: https://registry.npmmirror.com/@babel/types/-/types-7.20.7.tgz}
    name: '@babel/types'
    version: 7.20.7
    engines: {node: '>=6.9.0'}
    dependencies:
      '@babel/helper-string-parser': registry.npmmirror.com/@babel/helper-string-parser/7.19.4
      '@babel/helper-validator-identifier': registry.npmmirror.com/@babel/helper-validator-identifier/7.19.1
      to-fast-properties: registry.npmmirror.com/to-fast-properties/2.0.0
    dev: false

  registry.npmmirror.com/@esbuild/android-arm/0.17.8:
    resolution: {integrity: sha512-0/rb91GYKhrtbeglJXOhAv9RuYimgI8h623TplY2X+vA4EXnk3Zj1fXZreJ0J3OJJu1bwmb0W7g+2cT/d8/l/w==, registry: https://registry.npm.taobao.org/, tarball: https://registry.npmmirror.com/@esbuild/android-arm/-/android-arm-0.17.8.tgz}
    name: '@esbuild/android-arm'
    version: 0.17.8
    engines: {node: '>=12'}
    cpu: [arm]
    os: [android]
    requiresBuild: true
    dev: true
    optional: true

  registry.npmmirror.com/@esbuild/android-arm64/0.17.8:
    resolution: {integrity: sha512-oa/N5j6v1svZQs7EIRPqR8f+Bf8g6HBDjD/xHC02radE/NjKHK7oQmtmLxPs1iVwYyvE+Kolo6lbpfEQ9xnhxQ==, registry: https://registry.npm.taobao.org/, tarball: https://registry.npmmirror.com/@esbuild/android-arm64/-/android-arm64-0.17.8.tgz}
    name: '@esbuild/android-arm64'
    version: 0.17.8
    engines: {node: '>=12'}
    cpu: [arm64]
    os: [android]
    requiresBuild: true
    dev: true
    optional: true

  registry.npmmirror.com/@esbuild/android-x64/0.17.8:
    resolution: {integrity: sha512-bTliMLqD7pTOoPg4zZkXqCDuzIUguEWLpeqkNfC41ODBHwoUgZ2w5JBeYimv4oP6TDVocoYmEhZrCLQTrH89bg==, registry: https://registry.npm.taobao.org/, tarball: https://registry.npmmirror.com/@esbuild/android-x64/-/android-x64-0.17.8.tgz}
    name: '@esbuild/android-x64'
    version: 0.17.8
    engines: {node: '>=12'}
    cpu: [x64]
    os: [android]
    requiresBuild: true
    dev: true
    optional: true

  registry.npmmirror.com/@esbuild/darwin-arm64/0.17.8:
    resolution: {integrity: sha512-ghAbV3ia2zybEefXRRm7+lx8J/rnupZT0gp9CaGy/3iolEXkJ6LYRq4IpQVI9zR97ID80KJVoUlo3LSeA/sMAg==, registry: https://registry.npm.taobao.org/, tarball: https://registry.npmmirror.com/@esbuild/darwin-arm64/-/darwin-arm64-0.17.8.tgz}
    name: '@esbuild/darwin-arm64'
    version: 0.17.8
    engines: {node: '>=12'}
    cpu: [arm64]
    os: [darwin]
    requiresBuild: true
    dev: true
    optional: true

  registry.npmmirror.com/@esbuild/darwin-x64/0.17.8:
    resolution: {integrity: sha512-n5WOpyvZ9TIdv2V1K3/iIkkJeKmUpKaCTdun9buhGRWfH//osmUjlv4Z5mmWdPWind/VGcVxTHtLfLCOohsOXw==, registry: https://registry.npm.taobao.org/, tarball: https://registry.npmmirror.com/@esbuild/darwin-x64/-/darwin-x64-0.17.8.tgz}
    name: '@esbuild/darwin-x64'
    version: 0.17.8
    engines: {node: '>=12'}
    cpu: [x64]
    os: [darwin]
    requiresBuild: true
    dev: true
    optional: true

  registry.npmmirror.com/@esbuild/freebsd-arm64/0.17.8:
    resolution: {integrity: sha512-a/SATTaOhPIPFWvHZDoZYgxaZRVHn0/LX1fHLGfZ6C13JqFUZ3K6SMD6/HCtwOQ8HnsNaEeokdiDSFLuizqv5A==, registry: https://registry.npm.taobao.org/, tarball: https://registry.npmmirror.com/@esbuild/freebsd-arm64/-/freebsd-arm64-0.17.8.tgz}
    name: '@esbuild/freebsd-arm64'
    version: 0.17.8
    engines: {node: '>=12'}
    cpu: [arm64]
    os: [freebsd]
    requiresBuild: true
    dev: true
    optional: true

  registry.npmmirror.com/@esbuild/freebsd-x64/0.17.8:
    resolution: {integrity: sha512-xpFJb08dfXr5+rZc4E+ooZmayBW6R3q59daCpKZ/cDU96/kvDM+vkYzNeTJCGd8rtO6fHWMq5Rcv/1cY6p6/0Q==, registry: https://registry.npm.taobao.org/, tarball: https://registry.npmmirror.com/@esbuild/freebsd-x64/-/freebsd-x64-0.17.8.tgz}
    name: '@esbuild/freebsd-x64'
    version: 0.17.8
    engines: {node: '>=12'}
    cpu: [x64]
    os: [freebsd]
    requiresBuild: true
    dev: true
    optional: true

  registry.npmmirror.com/@esbuild/linux-arm/0.17.8:
    resolution: {integrity: sha512-6Ij8gfuGszcEwZpi5jQIJCVIACLS8Tz2chnEBfYjlmMzVsfqBP1iGmHQPp7JSnZg5xxK9tjCc+pJ2WtAmPRFVA==, registry: https://registry.npm.taobao.org/, tarball: https://registry.npmmirror.com/@esbuild/linux-arm/-/linux-arm-0.17.8.tgz}
    name: '@esbuild/linux-arm'
    version: 0.17.8
    engines: {node: '>=12'}
    cpu: [arm]
    os: [linux]
    requiresBuild: true
    dev: true
    optional: true

  registry.npmmirror.com/@esbuild/linux-arm64/0.17.8:
    resolution: {integrity: sha512-v3iwDQuDljLTxpsqQDl3fl/yihjPAyOguxuloON9kFHYwopeJEf1BkDXODzYyXEI19gisEsQlG1bM65YqKSIww==, registry: https://registry.npm.taobao.org/, tarball: https://registry.npmmirror.com/@esbuild/linux-arm64/-/linux-arm64-0.17.8.tgz}
    name: '@esbuild/linux-arm64'
    version: 0.17.8
    engines: {node: '>=12'}
    cpu: [arm64]
    os: [linux]
    requiresBuild: true
    dev: true
    optional: true

  registry.npmmirror.com/@esbuild/linux-ia32/0.17.8:
    resolution: {integrity: sha512-8svILYKhE5XetuFk/B6raFYIyIqydQi+GngEXJgdPdI7OMKUbSd7uzR02wSY4kb53xBrClLkhH4Xs8P61Q2BaA==, registry: https://registry.npm.taobao.org/, tarball: https://registry.npmmirror.com/@esbuild/linux-ia32/-/linux-ia32-0.17.8.tgz}
    name: '@esbuild/linux-ia32'
    version: 0.17.8
    engines: {node: '>=12'}
    cpu: [ia32]
    os: [linux]
    requiresBuild: true
    dev: true
    optional: true

  registry.npmmirror.com/@esbuild/linux-loong64/0.17.8:
    resolution: {integrity: sha512-B6FyMeRJeV0NpyEOYlm5qtQfxbdlgmiGdD+QsipzKfFky0K5HW5Td6dyK3L3ypu1eY4kOmo7wW0o94SBqlqBSA==, registry: https://registry.npm.taobao.org/, tarball: https://registry.npmmirror.com/@esbuild/linux-loong64/-/linux-loong64-0.17.8.tgz}
    name: '@esbuild/linux-loong64'
    version: 0.17.8
    engines: {node: '>=12'}
    cpu: [loong64]
    os: [linux]
    requiresBuild: true
    dev: true
    optional: true

  registry.npmmirror.com/@esbuild/linux-mips64el/0.17.8:
    resolution: {integrity: sha512-CCb67RKahNobjm/eeEqeD/oJfJlrWyw29fgiyB6vcgyq97YAf3gCOuP6qMShYSPXgnlZe/i4a8WFHBw6N8bYAA==, registry: https://registry.npm.taobao.org/, tarball: https://registry.npmmirror.com/@esbuild/linux-mips64el/-/linux-mips64el-0.17.8.tgz}
    name: '@esbuild/linux-mips64el'
    version: 0.17.8
    engines: {node: '>=12'}
    cpu: [mips64el]
    os: [linux]
    requiresBuild: true
    dev: true
    optional: true

  registry.npmmirror.com/@esbuild/linux-ppc64/0.17.8:
    resolution: {integrity: sha512-bytLJOi55y55+mGSdgwZ5qBm0K9WOCh0rx+vavVPx+gqLLhxtSFU0XbeYy/dsAAD6xECGEv4IQeFILaSS2auXw==, registry: https://registry.npm.taobao.org/, tarball: https://registry.npmmirror.com/@esbuild/linux-ppc64/-/linux-ppc64-0.17.8.tgz}
    name: '@esbuild/linux-ppc64'
    version: 0.17.8
    engines: {node: '>=12'}
    cpu: [ppc64]
    os: [linux]
    requiresBuild: true
    dev: true
    optional: true

  registry.npmmirror.com/@esbuild/linux-riscv64/0.17.8:
    resolution: {integrity: sha512-2YpRyQJmKVBEHSBLa8kBAtbhucaclb6ex4wchfY0Tj3Kg39kpjeJ9vhRU7x4mUpq8ISLXRXH1L0dBYjAeqzZAw==, registry: https://registry.npm.taobao.org/, tarball: https://registry.npmmirror.com/@esbuild/linux-riscv64/-/linux-riscv64-0.17.8.tgz}
    name: '@esbuild/linux-riscv64'
    version: 0.17.8
    engines: {node: '>=12'}
    cpu: [riscv64]
    os: [linux]
    requiresBuild: true
    dev: true
    optional: true

  registry.npmmirror.com/@esbuild/linux-s390x/0.17.8:
    resolution: {integrity: sha512-QgbNY/V3IFXvNf11SS6exkpVcX0LJcob+0RWCgV9OiDAmVElnxciHIisoSix9uzYzScPmS6dJFbZULdSAEkQVw==, registry: https://registry.npm.taobao.org/, tarball: https://registry.npmmirror.com/@esbuild/linux-s390x/-/linux-s390x-0.17.8.tgz}
    name: '@esbuild/linux-s390x'
    version: 0.17.8
    engines: {node: '>=12'}
    cpu: [s390x]
    os: [linux]
    requiresBuild: true
    dev: true
    optional: true

  registry.npmmirror.com/@esbuild/linux-x64/0.17.8:
    resolution: {integrity: sha512-mM/9S0SbAFDBc4OPoyP6SEOo5324LpUxdpeIUUSrSTOfhHU9hEfqRngmKgqILqwx/0DVJBzeNW7HmLEWp9vcOA==, registry: https://registry.npm.taobao.org/, tarball: https://registry.npmmirror.com/@esbuild/linux-x64/-/linux-x64-0.17.8.tgz}
    name: '@esbuild/linux-x64'
    version: 0.17.8
    engines: {node: '>=12'}
    cpu: [x64]
    os: [linux]
    requiresBuild: true
    dev: true
    optional: true

  registry.npmmirror.com/@esbuild/netbsd-x64/0.17.8:
    resolution: {integrity: sha512-eKUYcWaWTaYr9zbj8GertdVtlt1DTS1gNBWov+iQfWuWyuu59YN6gSEJvFzC5ESJ4kMcKR0uqWThKUn5o8We6Q==, registry: https://registry.npm.taobao.org/, tarball: https://registry.npmmirror.com/@esbuild/netbsd-x64/-/netbsd-x64-0.17.8.tgz}
    name: '@esbuild/netbsd-x64'
    version: 0.17.8
    engines: {node: '>=12'}
    cpu: [x64]
    os: [netbsd]
    requiresBuild: true
    dev: true
    optional: true

  registry.npmmirror.com/@esbuild/openbsd-x64/0.17.8:
    resolution: {integrity: sha512-Vc9J4dXOboDyMXKD0eCeW0SIeEzr8K9oTHJU+Ci1mZc5njPfhKAqkRt3B/fUNU7dP+mRyralPu8QUkiaQn7iIg==, registry: https://registry.npm.taobao.org/, tarball: https://registry.npmmirror.com/@esbuild/openbsd-x64/-/openbsd-x64-0.17.8.tgz}
    name: '@esbuild/openbsd-x64'
    version: 0.17.8
    engines: {node: '>=12'}
    cpu: [x64]
    os: [openbsd]
    requiresBuild: true
    dev: true
    optional: true

  registry.npmmirror.com/@esbuild/sunos-x64/0.17.8:
    resolution: {integrity: sha512-0xvOTNuPXI7ft1LYUgiaXtpCEjp90RuBBYovdd2lqAFxje4sEucurg30M1WIm03+3jxByd3mfo+VUmPtRSVuOw==, registry: https://registry.npm.taobao.org/, tarball: https://registry.npmmirror.com/@esbuild/sunos-x64/-/sunos-x64-0.17.8.tgz}
    name: '@esbuild/sunos-x64'
    version: 0.17.8
    engines: {node: '>=12'}
    cpu: [x64]
    os: [sunos]
    requiresBuild: true
    dev: true
    optional: true

  registry.npmmirror.com/@esbuild/win32-arm64/0.17.8:
    resolution: {integrity: sha512-G0JQwUI5WdEFEnYNKzklxtBheCPkuDdu1YrtRrjuQv30WsYbkkoixKxLLv8qhJmNI+ATEWquZe/N0d0rpr55Mg==, registry: https://registry.npm.taobao.org/, tarball: https://registry.npmmirror.com/@esbuild/win32-arm64/-/win32-arm64-0.17.8.tgz}
    name: '@esbuild/win32-arm64'
    version: 0.17.8
    engines: {node: '>=12'}
    cpu: [arm64]
    os: [win32]
    requiresBuild: true
    dev: true
    optional: true

  registry.npmmirror.com/@esbuild/win32-ia32/0.17.8:
    resolution: {integrity: sha512-Fqy63515xl20OHGFykjJsMnoIWS+38fqfg88ClvPXyDbLtgXal2DTlhb1TfTX34qWi3u4I7Cq563QcHpqgLx8w==, registry: https://registry.npm.taobao.org/, tarball: https://registry.npmmirror.com/@esbuild/win32-ia32/-/win32-ia32-0.17.8.tgz}
    name: '@esbuild/win32-ia32'
    version: 0.17.8
    engines: {node: '>=12'}
    cpu: [ia32]
    os: [win32]
    requiresBuild: true
    dev: true
    optional: true

  registry.npmmirror.com/@esbuild/win32-x64/0.17.8:
    resolution: {integrity: sha512-1iuezdyDNngPnz8rLRDO2C/ZZ/emJLb72OsZeqQ6gL6Avko/XCXZw+NuxBSNhBAP13Hie418V7VMt9et1FMvpg==, registry: https://registry.npm.taobao.org/, tarball: https://registry.npmmirror.com/@esbuild/win32-x64/-/win32-x64-0.17.8.tgz}
    name: '@esbuild/win32-x64'
    version: 0.17.8
    engines: {node: '>=12'}
    cpu: [x64]
    os: [win32]
    requiresBuild: true
    dev: true
    optional: true

  registry.npmmirror.com/@vue/compiler-core/3.2.47:
    resolution: {integrity: sha512-p4D7FDnQb7+YJmO2iPEv0SQNeNzcbHdGByJDsT4lynf63AFkOTFN07HsiRSvjGo0QrxR/o3d0hUyNCUnBU2Tig==, registry: https://registry.npm.taobao.org/, tarball: https://registry.npmmirror.com/@vue/compiler-core/-/compiler-core-3.2.47.tgz}
    name: '@vue/compiler-core'
    version: 3.2.47
    dependencies:
      '@babel/parser': registry.npmmirror.com/@babel/parser/7.20.15
      '@vue/shared': registry.npmmirror.com/@vue/shared/3.2.47
      estree-walker: registry.npmmirror.com/estree-walker/2.0.2
      source-map: registry.npmmirror.com/source-map/0.6.1
    dev: false

  registry.npmmirror.com/@vue/compiler-dom/3.2.47:
    resolution: {integrity: sha512-dBBnEHEPoftUiS03a4ggEig74J2YBZ2UIeyfpcRM2tavgMWo4bsEfgCGsu+uJIL/vax9S+JztH8NmQerUo7shQ==, registry: https://registry.npm.taobao.org/, tarball: https://registry.npmmirror.com/@vue/compiler-dom/-/compiler-dom-3.2.47.tgz}
    name: '@vue/compiler-dom'
    version: 3.2.47
    dependencies:
      '@vue/compiler-core': registry.npmmirror.com/@vue/compiler-core/3.2.47
      '@vue/shared': registry.npmmirror.com/@vue/shared/3.2.47
    dev: false

  registry.npmmirror.com/@vue/compiler-sfc/3.2.47:
    resolution: {integrity: sha512-rog05W+2IFfxjMcFw10tM9+f7i/+FFpZJJ5XHX72NP9eC2uRD+42M3pYcQqDXVYoj74kHMSEdQ/WmCjt8JFksQ==, registry: https://registry.npm.taobao.org/, tarball: https://registry.npmmirror.com/@vue/compiler-sfc/-/compiler-sfc-3.2.47.tgz}
    name: '@vue/compiler-sfc'
    version: 3.2.47
    dependencies:
      '@babel/parser': registry.npmmirror.com/@babel/parser/7.20.15
      '@vue/compiler-core': registry.npmmirror.com/@vue/compiler-core/3.2.47
      '@vue/compiler-dom': registry.npmmirror.com/@vue/compiler-dom/3.2.47
      '@vue/compiler-ssr': registry.npmmirror.com/@vue/compiler-ssr/3.2.47
      '@vue/reactivity-transform': registry.npmmirror.com/@vue/reactivity-transform/3.2.47
      '@vue/shared': registry.npmmirror.com/@vue/shared/3.2.47
      estree-walker: registry.npmmirror.com/estree-walker/2.0.2
      magic-string: registry.npmmirror.com/magic-string/0.25.9
      postcss: registry.npmmirror.com/postcss/8.4.21
      source-map: registry.npmmirror.com/source-map/0.6.1
    dev: false

  registry.npmmirror.com/@vue/compiler-ssr/3.2.47:
    resolution: {integrity: sha512-wVXC+gszhulcMD8wpxMsqSOpvDZ6xKXSVWkf50Guf/S+28hTAXPDYRTbLQ3EDkOP5Xz/+SY37YiwDquKbJOgZw==, registry: https://registry.npm.taobao.org/, tarball: https://registry.npmmirror.com/@vue/compiler-ssr/-/compiler-ssr-3.2.47.tgz}
    name: '@vue/compiler-ssr'
    version: 3.2.47
    dependencies:
      '@vue/compiler-dom': registry.npmmirror.com/@vue/compiler-dom/3.2.47
      '@vue/shared': registry.npmmirror.com/@vue/shared/3.2.47
    dev: false

  registry.npmmirror.com/@vue/reactivity-transform/3.2.47:
    resolution: {integrity: sha512-m8lGXw8rdnPVVIdIFhf0LeQ/ixyHkH5plYuS83yop5n7ggVJU+z5v0zecwEnX7fa7HNLBhh2qngJJkxpwEEmYA==, registry: https://registry.npm.taobao.org/, tarball: https://registry.npmmirror.com/@vue/reactivity-transform/-/reactivity-transform-3.2.47.tgz}
    name: '@vue/reactivity-transform'
    version: 3.2.47
    dependencies:
      '@babel/parser': registry.npmmirror.com/@babel/parser/7.20.15
      '@vue/compiler-core': registry.npmmirror.com/@vue/compiler-core/3.2.47
      '@vue/shared': registry.npmmirror.com/@vue/shared/3.2.47
      estree-walker: registry.npmmirror.com/estree-walker/2.0.2
      magic-string: registry.npmmirror.com/magic-string/0.25.9
    dev: false

  registry.npmmirror.com/@vue/reactivity/3.2.47:
    resolution: {integrity: sha512-7khqQ/75oyyg+N/e+iwV6lpy1f5wq759NdlS1fpAhFXa8VeAIKGgk2E/C4VF59lx5b+Ezs5fpp/5WsRYXQiKxQ==, registry: https://registry.npm.taobao.org/, tarball: https://registry.npmmirror.com/@vue/reactivity/-/reactivity-3.2.47.tgz}
    name: '@vue/reactivity'
    version: 3.2.47
    dependencies:
      '@vue/shared': registry.npmmirror.com/@vue/shared/3.2.47
    dev: false

  registry.npmmirror.com/@vue/runtime-core/3.2.47:
    resolution: {integrity: sha512-RZxbLQIRB/K0ev0K9FXhNbBzT32H9iRtYbaXb0ZIz2usLms/D55dJR2t6cIEUn6vyhS3ALNvNthI+Q95C+NOpA==, registry: https://registry.npm.taobao.org/, tarball: https://registry.npmmirror.com/@vue/runtime-core/-/runtime-core-3.2.47.tgz}
    name: '@vue/runtime-core'
    version: 3.2.47
    dependencies:
      '@vue/reactivity': registry.npmmirror.com/@vue/reactivity/3.2.47
      '@vue/shared': registry.npmmirror.com/@vue/shared/3.2.47
    dev: false

  registry.npmmirror.com/@vue/runtime-dom/3.2.47:
    resolution: {integrity: sha512-ArXrFTjS6TsDei4qwNvgrdmHtD930KgSKGhS5M+j8QxXrDJYLqYw4RRcDy1bz1m1wMmb6j+zGLifdVHtkXA7gA==, registry: https://registry.npm.taobao.org/, tarball: https://registry.npmmirror.com/@vue/runtime-dom/-/runtime-dom-3.2.47.tgz}
    name: '@vue/runtime-dom'
    version: 3.2.47
    dependencies:
      '@vue/runtime-core': registry.npmmirror.com/@vue/runtime-core/3.2.47
      '@vue/shared': registry.npmmirror.com/@vue/shared/3.2.47
      csstype: registry.npmmirror.com/csstype/2.6.21
    dev: false

  registry.npmmirror.com/@vue/server-renderer/3.2.47_vue@3.2.47:
    resolution: {integrity: sha512-dN9gc1i8EvmP9RCzvneONXsKfBRgqFeFZLurmHOveL7oH6HiFXJw5OGu294n1nHc/HMgTy6LulU/tv5/A7f/LA==, registry: https://registry.npm.taobao.org/, tarball: https://registry.npmmirror.com/@vue/server-renderer/-/server-renderer-3.2.47.tgz}
    id: registry.npmmirror.com/@vue/server-renderer/3.2.47
    name: '@vue/server-renderer'
    version: 3.2.47
    peerDependencies:
      vue: 3.2.47
    dependencies:
      '@vue/compiler-ssr': registry.npmmirror.com/@vue/compiler-ssr/3.2.47
      '@vue/shared': registry.npmmirror.com/@vue/shared/3.2.47
      vue: registry.npmmirror.com/vue/3.2.47
    dev: false

  registry.npmmirror.com/@vue/shared/3.2.47:
    resolution: {integrity: sha512-BHGyyGN3Q97EZx0taMQ+OLNuZcW3d37ZEVmEAyeoA9ERdGvm9Irc/0Fua8SNyOtV1w6BS4q25wbMzJujO9HIfQ==, registry: https://registry.npm.taobao.org/, tarball: https://registry.npmmirror.com/@vue/shared/-/shared-3.2.47.tgz}
    name: '@vue/shared'
    version: 3.2.47
    dev: false

  registry.npmmirror.com/cross-spawn/7.0.3:
    resolution: {integrity: sha512-iRDPJKUPVEND7dHPO8rkbOnPpyDygcDFtWjpeWNCgy8WP2rXcxXL8TskReQl6OrB2G7+UJrags1q15Fudc7G6w==, registry: https://registry.npm.taobao.org/, tarball: https://registry.npmmirror.com/cross-spawn/-/cross-spawn-7.0.3.tgz}
    name: cross-spawn
    version: 7.0.3
    engines: {node: '>= 8'}
    dependencies:
      path-key: registry.npmmirror.com/path-key/3.1.1
      shebang-command: registry.npmmirror.com/shebang-command/2.0.0
      which: registry.npmmirror.com/which/2.0.2
    dev: false

  registry.npmmirror.com/csstype/2.6.21:
    resolution: {integrity: sha512-Z1PhmomIfypOpoMjRQB70jfvy/wxT50qW08YXO5lMIJkrdq4yOTR+AW7FqutScmB9NkLwxo+jU+kZLbofZZq/w==, registry: https://registry.npm.taobao.org/, tarball: https://registry.npmmirror.com/csstype/-/csstype-2.6.21.tgz}
    name: csstype
    version: 2.6.21
    dev: false

  registry.npmmirror.com/esbuild/0.17.8:
    resolution: {integrity: sha512-g24ybC3fWhZddZK6R3uD2iF/RIPnRpwJAqLov6ouX3hMbY4+tKolP0VMF3zuIYCaXun+yHwS5IPQ91N2BT191g==, registry: https://registry.npm.taobao.org/, tarball: https://registry.npmmirror.com/esbuild/-/esbuild-0.17.8.tgz}
    name: esbuild
    version: 0.17.8
    engines: {node: '>=12'}
    hasBin: true
    requiresBuild: true
    optionalDependencies:
      '@esbuild/android-arm': registry.npmmirror.com/@esbuild/android-arm/0.17.8
      '@esbuild/android-arm64': registry.npmmirror.com/@esbuild/android-arm64/0.17.8
      '@esbuild/android-x64': registry.npmmirror.com/@esbuild/android-x64/0.17.8
      '@esbuild/darwin-arm64': registry.npmmirror.com/@esbuild/darwin-arm64/0.17.8
      '@esbuild/darwin-x64': registry.npmmirror.com/@esbuild/darwin-x64/0.17.8
      '@esbuild/freebsd-arm64': registry.npmmirror.com/@esbuild/freebsd-arm64/0.17.8
      '@esbuild/freebsd-x64': registry.npmmirror.com/@esbuild/freebsd-x64/0.17.8
      '@esbuild/linux-arm': registry.npmmirror.com/@esbuild/linux-arm/0.17.8
      '@esbuild/linux-arm64': registry.npmmirror.com/@esbuild/linux-arm64/0.17.8
      '@esbuild/linux-ia32': registry.npmmirror.com/@esbuild/linux-ia32/0.17.8
      '@esbuild/linux-loong64': registry.npmmirror.com/@esbuild/linux-loong64/0.17.8
      '@esbuild/linux-mips64el': registry.npmmirror.com/@esbuild/linux-mips64el/0.17.8
      '@esbuild/linux-ppc64': registry.npmmirror.com/@esbuild/linux-ppc64/0.17.8
      '@esbuild/linux-riscv64': registry.npmmirror.com/@esbuild/linux-riscv64/0.17.8
      '@esbuild/linux-s390x': registry.npmmirror.com/@esbuild/linux-s390x/0.17.8
      '@esbuild/linux-x64': registry.npmmirror.com/@esbuild/linux-x64/0.17.8
      '@esbuild/netbsd-x64': registry.npmmirror.com/@esbuild/netbsd-x64/0.17.8
      '@esbuild/openbsd-x64': registry.npmmirror.com/@esbuild/openbsd-x64/0.17.8
      '@esbuild/sunos-x64': registry.npmmirror.com/@esbuild/sunos-x64/0.17.8
      '@esbuild/win32-arm64': registry.npmmirror.com/@esbuild/win32-arm64/0.17.8
      '@esbuild/win32-ia32': registry.npmmirror.com/@esbuild/win32-ia32/0.17.8
      '@esbuild/win32-x64': registry.npmmirror.com/@esbuild/win32-x64/0.17.8
    dev: true

  registry.npmmirror.com/estree-walker/2.0.2:
    resolution: {integrity: sha512-Rfkk/Mp/DL7JVje3u18FxFujQlTNR2q6QfMSMB7AvCBx91NGj/ba3kCfza0f6dVDbw7YlRf/nDrn7pQrCCyQ/w==, registry: https://registry.npm.taobao.org/, tarball: https://registry.npmmirror.com/estree-walker/-/estree-walker-2.0.2.tgz}
    name: estree-walker
    version: 2.0.2
    dev: false

  registry.npmmirror.com/execa/7.0.0:
    resolution: {integrity: sha512-tQbH0pH/8LHTnwTrsKWideqi6rFB/QNUawEwrn+WHyz7PX1Tuz2u7wfTvbaNBdP5JD5LVWxNo8/A8CHNZ3bV6g==, registry: https://registry.npm.taobao.org/, tarball: https://registry.npmmirror.com/execa/-/execa-7.0.0.tgz}
    name: execa
    version: 7.0.0
    engines: {node: ^14.18.0 || ^16.14.0 || >=18.0.0}
    dependencies:
      cross-spawn: registry.npmmirror.com/cross-spawn/7.0.3
      get-stream: registry.npmmirror.com/get-stream/6.0.1
      human-signals: registry.npmmirror.com/human-signals/4.3.0
      is-stream: registry.npmmirror.com/is-stream/3.0.0
      merge-stream: registry.npmmirror.com/merge-stream/2.0.0
      npm-run-path: registry.npmmirror.com/npm-run-path/5.1.0
      onetime: registry.npmmirror.com/onetime/6.0.0
      signal-exit: registry.npmmirror.com/signal-exit/3.0.7
      strip-final-newline: registry.npmmirror.com/strip-final-newline/3.0.0
    dev: false

  registry.npmmirror.com/get-stream/6.0.1:
    resolution: {integrity: sha512-ts6Wi+2j3jQjqi70w5AlN8DFnkSwC+MqmxEzdEALB2qXZYV3X/b1CTfgPLGJNMeAWxdPfU8FO1ms3NUfaHCPYg==, registry: https://registry.npm.taobao.org/, tarball: https://registry.npmmirror.com/get-stream/-/get-stream-6.0.1.tgz}
    name: get-stream
    version: 6.0.1
    engines: {node: '>=10'}
    dev: false

  registry.npmmirror.com/human-signals/4.3.0:
    resolution: {integrity: sha512-zyzVyMjpGBX2+6cDVZeFPCdtOtdsxOeseRhB9tkQ6xXmGUNrcnBzdEKPy3VPNYz+4gy1oukVOXcrJCunSyc6QQ==, registry: https://registry.npm.taobao.org/, tarball: https://registry.npmmirror.com/human-signals/-/human-signals-4.3.0.tgz}
    name: human-signals
    version: 4.3.0
    engines: {node: '>=14.18.0'}
    dev: false

  registry.npmmirror.com/is-stream/3.0.0:
    resolution: {integrity: sha512-LnQR4bZ9IADDRSkvpqMGvt/tEJWclzklNgSw48V5EAaAeDd6qGvN8ei6k5p0tvxSR171VmGyHuTiAOfxAbr8kA==, registry: https://registry.npm.taobao.org/, tarball: https://registry.npmmirror.com/is-stream/-/is-stream-3.0.0.tgz}
    name: is-stream
    version: 3.0.0
    engines: {node: ^12.20.0 || ^14.13.1 || >=16.0.0}
    dev: false

  registry.npmmirror.com/isexe/2.0.0:
    resolution: {integrity: sha512-RHxMLp9lnKHGHRng9QFhRCMbYAcVpn69smSGcq3f36xjgVVWThj4qqLbTLlq7Ssj8B+fIQ1EuCEGI2lKsyQeIw==, registry: https://registry.npm.taobao.org/, tarball: https://registry.npmmirror.com/isexe/-/isexe-2.0.0.tgz}
    name: isexe
    version: 2.0.0
    dev: false

  registry.npmmirror.com/magic-string/0.25.9:
    resolution: {integrity: sha512-RmF0AsMzgt25qzqqLc1+MbHmhdx0ojF2Fvs4XnOqz2ZOBXzzkEwc/dJQZCYHAn7v1jbVOjAZfK8msRn4BxO4VQ==, registry: https://registry.npm.taobao.org/, tarball: https://registry.npmmirror.com/magic-string/-/magic-string-0.25.9.tgz}
    name: magic-string
    version: 0.25.9
    dependencies:
      sourcemap-codec: registry.npmmirror.com/sourcemap-codec/1.4.8
    dev: false

  registry.npmmirror.com/merge-stream/2.0.0:
    resolution: {integrity: sha512-abv/qOcuPfk3URPfDzmZU1LKmuw8kT+0nIHvKrKgFrwifol/doWcdA4ZqsWQ8ENrFKkd67Mfpo/LovbIUsbt3w==, registry: https://registry.npm.taobao.org/, tarball: https://registry.npmmirror.com/merge-stream/-/merge-stream-2.0.0.tgz}
    name: merge-stream
    version: 2.0.0
    dev: false

  registry.npmmirror.com/mimic-fn/4.0.0:
    resolution: {integrity: sha512-vqiC06CuhBTUdZH+RYl8sFrL096vA45Ok5ISO6sE/Mr1jRbGH4Csnhi8f3wKVl7x8mO4Au7Ir9D3Oyv1VYMFJw==, registry: https://registry.npm.taobao.org/, tarball: https://registry.npmmirror.com/mimic-fn/-/mimic-fn-4.0.0.tgz}
    name: mimic-fn
    version: 4.0.0
    engines: {node: '>=12'}
    dev: false

  registry.npmmirror.com/minimist/1.2.8:
    resolution: {integrity: sha512-2yyAR8qBkN3YuheJanUpWC5U3bb5osDywNB8RzDVlDwDHbocAJveqqj1u8+SVD7jkWT4yvsHCpWqqWqAxb0zCA==, registry: https://registry.npm.taobao.org/, tarball: https://registry.npmmirror.com/minimist/-/minimist-1.2.8.tgz}
    name: minimist
    version: 1.2.8
    dev: true

  registry.npmmirror.com/nanoid/3.3.4:
    resolution: {integrity: sha512-MqBkQh/OHTS2egovRtLk45wEyNXwF+cokD+1YPf9u5VfJiRdAiRwB2froX5Co9Rh20xs4siNPm8naNotSD6RBw==, registry: https://registry.npm.taobao.org/, tarball: https://registry.npmmirror.com/nanoid/-/nanoid-3.3.4.tgz}
    name: nanoid
    version: 3.3.4
    engines: {node: ^10 || ^12 || ^13.7 || ^14 || >=15.0.1}
    hasBin: true
    dev: false

  registry.npmmirror.com/npm-run-path/5.1.0:
    resolution: {integrity: sha512-sJOdmRGrY2sjNTRMbSvluQqg+8X7ZK61yvzBEIDhz4f8z1TZFYABsqjjCBd/0PUNE9M6QDgHJXQkGUEm7Q+l9Q==, registry: https://registry.npm.taobao.org/, tarball: https://registry.npmmirror.com/npm-run-path/-/npm-run-path-5.1.0.tgz}
    name: npm-run-path
    version: 5.1.0
    engines: {node: ^12.20.0 || ^14.13.1 || >=16.0.0}
    dependencies:
      path-key: registry.npmmirror.com/path-key/4.0.0
    dev: false

  registry.npmmirror.com/onetime/6.0.0:
    resolution: {integrity: sha512-1FlR+gjXK7X+AsAHso35MnyN5KqGwJRi/31ft6x0M194ht7S+rWAvd7PHss9xSKMzE0asv1pyIHaJYq+BbacAQ==, registry: https://registry.npm.taobao.org/, tarball: https://registry.npmmirror.com/onetime/-/onetime-6.0.0.tgz}
    name: onetime
    version: 6.0.0
    engines: {node: '>=12'}
    dependencies:
      mimic-fn: registry.npmmirror.com/mimic-fn/4.0.0
    dev: false

  registry.npmmirror.com/path-key/3.1.1:
    resolution: {integrity: sha512-ojmeN0qd+y0jszEtoY48r0Peq5dwMEkIlCOu6Q5f41lfkswXuKtYrhgoTpLnyIcHm24Uhqx+5Tqm2InSwLhE6Q==, registry: https://registry.npm.taobao.org/, tarball: https://registry.npmmirror.com/path-key/-/path-key-3.1.1.tgz}
    name: path-key
    version: 3.1.1
    engines: {node: '>=8'}
    dev: false

  registry.npmmirror.com/path-key/4.0.0:
    resolution: {integrity: sha512-haREypq7xkM7ErfgIyA0z+Bj4AGKlMSdlQE2jvJo6huWD1EdkKYV+G/T4nq0YEF2vgTT8kqMFKo1uHn950r4SQ==, registry: https://registry.npm.taobao.org/, tarball: https://registry.npmmirror.com/path-key/-/path-key-4.0.0.tgz}
    name: path-key
    version: 4.0.0
    engines: {node: '>=12'}
    dev: false

  registry.npmmirror.com/picocolors/1.0.0:
    resolution: {integrity: sha512-1fygroTLlHu66zi26VoTDv8yRgm0Fccecssto+MhsZ0D/DGW2sm8E8AjW7NU5VVTRt5GxbeZ5qBuJr+HyLYkjQ==, registry: https://registry.npm.taobao.org/, tarball: https://registry.npmmirror.com/picocolors/-/picocolors-1.0.0.tgz}
    name: picocolors
    version: 1.0.0
    dev: false

  registry.npmmirror.com/postcss/8.4.21:
    resolution: {integrity: sha512-tP7u/Sn/dVxK2NnruI4H9BG+x+Wxz6oeZ1cJ8P6G/PZY0IKk4k/63TDsQf2kQq3+qoJeLm2kIBUNlZe3zgb4Zg==, registry: https://registry.npm.taobao.org/, tarball: https://registry.npmmirror.com/postcss/-/postcss-8.4.21.tgz}
    name: postcss
    version: 8.4.21
    engines: {node: ^10 || ^12 || >=14}
    dependencies:
      nanoid: registry.npmmirror.com/nanoid/3.3.4
      picocolors: registry.npmmirror.com/picocolors/1.0.0
      source-map-js: registry.npmmirror.com/source-map-js/1.0.2
    dev: false

  registry.npmmirror.com/shebang-command/2.0.0:
    resolution: {integrity: sha512-kHxr2zZpYtdmrN1qDjrrX/Z1rR1kG8Dx+gkpK1G4eXmvXswmcE1hTWBWYUzlraYw1/yZp6YuDY77YtvbN0dmDA==, registry: https://registry.npm.taobao.org/, tarball: https://registry.npmmirror.com/shebang-command/-/shebang-command-2.0.0.tgz}
    name: shebang-command
    version: 2.0.0
    engines: {node: '>=8'}
    dependencies:
      shebang-regex: registry.npmmirror.com/shebang-regex/3.0.0
    dev: false

  registry.npmmirror.com/shebang-regex/3.0.0:
    resolution: {integrity: sha512-7++dFhtcx3353uBaq8DDR4NuxBetBzC7ZQOhmTQInHEd6bSrXdiEyzCvG07Z44UYdLShWUyXt5M/yhz8ekcb1A==, registry: https://registry.npm.taobao.org/, tarball: https://registry.npmmirror.com/shebang-regex/-/shebang-regex-3.0.0.tgz}
    name: shebang-regex
    version: 3.0.0
    engines: {node: '>=8'}
    dev: false

  registry.npmmirror.com/signal-exit/3.0.7:
    resolution: {integrity: sha512-wnD2ZE+l+SPC/uoS0vXeE9L1+0wuaMqKlfz9AMUo38JsyLSBWSFcHR1Rri62LZc12vLr1gb3jl7iwQhgwpAbGQ==, registry: https://registry.npm.taobao.org/, tarball: https://registry.npmmirror.com/signal-exit/-/signal-exit-3.0.7.tgz}
    name: signal-exit
    version: 3.0.7
    dev: false

  registry.npmmirror.com/source-map-js/1.0.2:
    resolution: {integrity: sha512-R0XvVJ9WusLiqTCEiGCmICCMplcCkIwwR11mOSD9CR5u+IXYdiseeEuXCVAjS54zqwkLcPNnmU4OeJ6tUrWhDw==, registry: https://registry.npm.taobao.org/, tarball: https://registry.npmmirror.com/source-map-js/-/source-map-js-1.0.2.tgz}
    name: source-map-js
    version: 1.0.2
    engines: {node: '>=0.10.0'}
    dev: false

  registry.npmmirror.com/source-map/0.6.1:
    resolution: {integrity: sha512-UjgapumWlbMhkBgzT7Ykc5YXUT46F0iKu8SGXq0bcwP5dz/h0Plj6enJqjz1Zbq2l5WaqYnrVbwWOWMyF3F47g==, registry: https://registry.npm.taobao.org/, tarball: https://registry.npmmirror.com/source-map/-/source-map-0.6.1.tgz}
    name: source-map
    version: 0.6.1
    engines: {node: '>=0.10.0'}
    dev: false

  registry.npmmirror.com/sourcemap-codec/1.4.8:
    resolution: {integrity: sha512-9NykojV5Uih4lgo5So5dtw+f0JgJX30KCNI8gwhz2J9A15wD0Ml6tjHKwf6fTSa6fAdVBdZeNOs9eJ71qCk8vA==, registry: https://registry.npm.taobao.org/, tarball: https://registry.npmmirror.com/sourcemap-codec/-/sourcemap-codec-1.4.8.tgz}
    name: sourcemap-codec
    version: 1.4.8
    deprecated: Please use @jridgewell/sourcemap-codec instead
    dev: false

  registry.npmmirror.com/strip-final-newline/3.0.0:
    resolution: {integrity: sha512-dOESqjYr96iWYylGObzd39EuNTa5VJxyvVAEm5Jnh7KGo75V43Hk1odPQkNDyXNmUR6k+gEiDVXnjB8HJ3crXw==, registry: https://registry.npm.taobao.org/, tarball: https://registry.npmmirror.com/strip-final-newline/-/strip-final-newline-3.0.0.tgz}
    name: strip-final-newline
    version: 3.0.0
    engines: {node: '>=12'}
    dev: false

  registry.npmmirror.com/to-fast-properties/2.0.0:
    resolution: {integrity: sha512-/OaKK0xYrs3DmxRYqL/yDc+FxFUVYhDlXMhRmv3z915w2HF1tnN1omB354j8VUGO/hbRzyD6Y3sA7v7GS/ceog==, registry: https://registry.npm.taobao.org/, tarball: https://registry.npmmirror.com/to-fast-properties/-/to-fast-properties-2.0.0.tgz}
    name: to-fast-properties
    version: 2.0.0
    engines: {node: '>=4'}
    dev: false

  registry.npmmirror.com/typescript/4.9.5:
    resolution: {integrity: sha512-1FXk9E2Hm+QzZQ7z+McJiHL4NW1F2EzMu9Nq9i3zAaGqibafqYwCVU6WyWAuyQRRzOlxou8xZSyXLEN8oKj24g==, registry: https://registry.npm.taobao.org/, tarball: https://registry.npmmirror.com/typescript/-/typescript-4.9.5.tgz}
    name: typescript
    version: 4.9.5
    engines: {node: '>=4.2.0'}
    hasBin: true
    dev: true

  registry.npmmirror.com/vue/3.2.47:
    resolution: {integrity: sha512-60188y/9Dc9WVrAZeUVSDxRQOZ+z+y5nO2ts9jWXSTkMvayiWxCWOWtBQoYjLeccfXkiiPZWAHcV+WTPhkqJHQ==, registry: https://registry.npm.taobao.org/, tarball: https://registry.npmmirror.com/vue/-/vue-3.2.47.tgz}
    name: vue
    version: 3.2.47
    dependencies:
      '@vue/compiler-dom': registry.npmmirror.com/@vue/compiler-dom/3.2.47
      '@vue/compiler-sfc': registry.npmmirror.com/@vue/compiler-sfc/3.2.47
      '@vue/runtime-dom': registry.npmmirror.com/@vue/runtime-dom/3.2.47
      '@vue/server-renderer': registry.npmmirror.com/@vue/server-renderer/3.2.47_vue@3.2.47
      '@vue/shared': registry.npmmirror.com/@vue/shared/3.2.47
    dev: false

  registry.npmmirror.com/which/2.0.2:
    resolution: {integrity: sha512-BLI3Tl1TW3Pvl70l3yq3Y64i+awpwXqsGBYWkkqMtnbXgrMD+yj7rhW0kuEDxzJaYXGjEW5ogapKNMEKNMjibA==, registry: https://registry.npm.taobao.org/, tarball: https://registry.npmmirror.com/which/-/which-2.0.2.tgz}
    name: which
    version: 2.0.2
    engines: {node: '>= 8'}
    hasBin: true
    dependencies:
      isexe: registry.npmmirror.com/isexe/2.0.0
    dev: false
